// !$*UTF8*$!
{
	archiveVersion = 1;
	classes = {
	};
	objectVersion = 46;
	objects = {

/* Begin PBXBuildFile section */
		E32223251768E2C200E71234 /* Cocoa.framework in Frameworks */ = {isa = PBXBuildFile; fileRef = E32223241768E2C200E71234 /* Cocoa.framework */; };
		E32223271768E2C200E71234 /* ScreenSaver.framework in Frameworks */ = {isa = PBXBuildFile; fileRef = E32223261768E2C200E71234 /* ScreenSaver.framework */; };
		E32223311768E2C200E71234 /* InfoPlist.strings in Resources */ = {isa = PBXBuildFile; fileRef = E322232F1768E2C200E71234 /* InfoPlist.strings */; };
		E32223351768E2C200E71234 /* SquaresView.m in Sources */ = {isa = PBXBuildFile; fileRef = E32223341768E2C200E71234 /* SquaresView.m */; };
		E322233D176913D000E71234 /* Cell.h in Headers */ = {isa = PBXBuildFile; fileRef = E322233B176913D000E71234 /* Cell.h */; };
		E322233E176913D000E71234 /* Cell.m in Sources */ = {isa = PBXBuildFile; fileRef = E322233C176913D000E71234 /* Cell.m */; };
		E3387E80176A71040016043F /* ConfigureSheet.xib in Resources */ = {isa = PBXBuildFile; fileRef = E3387E7F176A71040016043F /* ConfigureSheet.xib */; };
		E3387E82176ABF490016043F /* Range.h in Headers */ = {isa = PBXBuildFile; fileRef = E3387E81176ABF480016043F /* Range.h */; };
/* End PBXBuildFile section */

/* Begin PBXFileReference section */
		E32223211768E2C200E71234 /* Squares.saver */ = {isa = PBXFileReference; explicitFileType = wrapper.cfbundle; includeInIndex = 0; path = Squares.saver; sourceTree = BUILT_PRODUCTS_DIR; };
		E32223241768E2C200E71234 /* Cocoa.framework */ = {isa = PBXFileReference; lastKnownFileType = wrapper.framework; name = Cocoa.framework; path = System/Library/Frameworks/Cocoa.framework; sourceTree = SDKROOT; };
		E32223261768E2C200E71234 /* ScreenSaver.framework */ = {isa = PBXFileReference; lastKnownFileType = wrapper.framework; name = ScreenSaver.framework; path = System/Library/Frameworks/ScreenSaver.framework; sourceTree = SDKROOT; };
		E32223291768E2C200E71234 /* AppKit.framework */ = {isa = PBXFileReference; lastKnownFileType = wrapper.framework; name = AppKit.framework; path = System/Library/Frameworks/AppKit.framework; sourceTree = SDKROOT; };
		E322232A1768E2C200E71234 /* CoreData.framework */ = {isa = PBXFileReference; lastKnownFileType = wrapper.framework; name = CoreData.framework; path = System/Library/Frameworks/CoreData.framework; sourceTree = SDKROOT; };
		E322232B1768E2C200E71234 /* Foundation.framework */ = {isa = PBXFileReference; lastKnownFileType = wrapper.framework; name = Foundation.framework; path = System/Library/Frameworks/Foundation.framework; sourceTree = SDKROOT; };
		E322232E1768E2C200E71234 /* Squares-Info.plist */ = {isa = PBXFileReference; lastKnownFileType = text.plist.xml; path = "Squares-Info.plist"; sourceTree = "<group>"; };
		E32223301768E2C200E71234 /* en */ = {isa = PBXFileReference; lastKnownFileType = text.plist.strings; name = en; path = en.lproj/InfoPlist.strings; sourceTree = "<group>"; };
		E32223321768E2C200E71234 /* Squares-Prefix.pch */ = {isa = PBXFileReference; lastKnownFileType = sourcecode.c.h; path = "Squares-Prefix.pch"; sourceTree = "<group>"; };
		E32223331768E2C200E71234 /* SquaresView.h */ = {isa = PBXFileReference; lastKnownFileType = sourcecode.c.h; path = SquaresView.h; sourceTree = "<group>"; };
		E32223341768E2C200E71234 /* SquaresView.m */ = {isa = PBXFileReference; lastKnownFileType = sourcecode.c.objc; path = SquaresView.m; sourceTree = "<group>"; };
		E322233B176913D000E71234 /* Cell.h */ = {isa = PBXFileReference; fileEncoding = 4; lastKnownFileType = sourcecode.c.h; path = Cell.h; sourceTree = "<group>"; };
		E322233C176913D000E71234 /* Cell.m */ = {isa = PBXFileReference; fileEncoding = 4; lastKnownFileType = sourcecode.c.objc; path = Cell.m; sourceTree = "<group>"; };
		E3387E7F176A71040016043F /* ConfigureSheet.xib */ = {isa = PBXFileReference; fileEncoding = 4; lastKnownFileType = file.xib; path = ConfigureSheet.xib; sourceTree = "<group>"; };
		E3387E81176ABF480016043F /* Range.h */ = {isa = PBXFileReference; fileEncoding = 4; lastKnownFileType = sourcecode.c.h; path = Range.h; sourceTree = "<group>"; };
/* End PBXFileReference section */

/* Begin PBXFrameworksBuildPhase section */
		E322231C1768E2C200E71234 /* Frameworks */ = {
			isa = PBXFrameworksBuildPhase;
			buildActionMask = 2147483647;
			files = (
				E32223251768E2C200E71234 /* Cocoa.framework in Frameworks */,
				E32223271768E2C200E71234 /* ScreenSaver.framework in Frameworks */,
			);
			runOnlyForDeploymentPostprocessing = 0;
		};
/* End PBXFrameworksBuildPhase section */

/* Begin PBXGroup section */
		E32223161768E2C200E71234 = {
			isa = PBXGroup;
			children = (
				E322232C1768E2C200E71234 /* Squares */,
				E32223231768E2C200E71234 /* Frameworks */,
				E32223221768E2C200E71234 /* Products */,
			);
			sourceTree = "<group>";
		};
		E32223221768E2C200E71234 /* Products */ = {
			isa = PBXGroup;
			children = (
				E32223211768E2C200E71234 /* Squares.saver */,
			);
			name = Products;
			sourceTree = "<group>";
		};
		E32223231768E2C200E71234 /* Frameworks */ = {
			isa = PBXGroup;
			children = (
				E32223241768E2C200E71234 /* Cocoa.framework */,
				E32223261768E2C200E71234 /* ScreenSaver.framework */,
				E32223281768E2C200E71234 /* Other Frameworks */,
			);
			name = Frameworks;
			sourceTree = "<group>";
		};
		E32223281768E2C200E71234 /* Other Frameworks */ = {
			isa = PBXGroup;
			children = (
				E32223291768E2C200E71234 /* AppKit.framework */,
				E322232A1768E2C200E71234 /* CoreData.framework */,
				E322232B1768E2C200E71234 /* Foundation.framework */,
			);
			name = "Other Frameworks";
			sourceTree = "<group>";
		};
		E322232C1768E2C200E71234 /* Squares */ = {
			isa = PBXGroup;
			children = (
				E32223331768E2C200E71234 /* SquaresView.h */,
				E32223341768E2C200E71234 /* SquaresView.m */,
				E322232D1768E2C200E71234 /* Supporting Files */,
				E322233B176913D000E71234 /* Cell.h */,
				E322233C176913D000E71234 /* Cell.m */,
				E3387E7F176A71040016043F /* ConfigureSheet.xib */,
				E3387E81176ABF480016043F /* Range.h */,
			);
			path = Squares;
			sourceTree = "<group>";
		};
		E322232D1768E2C200E71234 /* Supporting Files */ = {
			isa = PBXGroup;
			children = (
				E322232E1768E2C200E71234 /* Squares-Info.plist */,
				E322232F1768E2C200E71234 /* InfoPlist.strings */,
				E32223321768E2C200E71234 /* Squares-Prefix.pch */,
			);
			name = "Supporting Files";
			sourceTree = "<group>";
		};
/* End PBXGroup section */

/* Begin PBXHeadersBuildPhase section */
		E322231D1768E2C200E71234 /* Headers */ = {
			isa = PBXHeadersBuildPhase;
			buildActionMask = 2147483647;
			files = (
				E322233D176913D000E71234 /* Cell.h in Headers */,
				E3387E82176ABF490016043F /* Range.h in Headers */,
			);
			runOnlyForDeploymentPostprocessing = 0;
		};
/* End PBXHeadersBuildPhase section */

/* Begin PBXNativeTarget section */
		E32223201768E2C200E71234 /* Squares */ = {
			isa = PBXNativeTarget;
			buildConfigurationList = E32223381768E2C200E71234 /* Build configuration list for PBXNativeTarget "Squares" */;
			buildPhases = (
				E322231B1768E2C200E71234 /* Sources */,
				E322231C1768E2C200E71234 /* Frameworks */,
				E322231D1768E2C200E71234 /* Headers */,
				E322231E1768E2C200E71234 /* Resources */,
				E322231F1768E2C200E71234 /* Rez */,
			);
			buildRules = (
			);
			dependencies = (
			);
			name = Squares;
			productName = Squares;
			productReference = E32223211768E2C200E71234 /* Squares.saver */;
			productType = "com.apple.product-type.bundle";
		};
/* End PBXNativeTarget section */

/* Begin PBXProject section */
		E32223171768E2C200E71234 /* Project object */ = {
			isa = PBXProject;
			attributes = {
				LastUpgradeCheck = 0500;
				ORGANIZATIONNAME = "William Bowers";
			};
			buildConfigurationList = E322231A1768E2C200E71234 /* Build configuration list for PBXProject "Squares" */;
			compatibilityVersion = "Xcode 3.2";
			developmentRegion = English;
			hasScannedForEncodings = 0;
			knownRegions = (
				en,
			);
			mainGroup = E32223161768E2C200E71234;
			productRefGroup = E32223221768E2C200E71234 /* Products */;
			projectDirPath = "";
			projectRoot = "";
			targets = (
				E32223201768E2C200E71234 /* Squares */,
			);
		};
/* End PBXProject section */

/* Begin PBXResourcesBuildPhase section */
		E322231E1768E2C200E71234 /* Resources */ = {
			isa = PBXResourcesBuildPhase;
			buildActionMask = 2147483647;
			files = (
				E32223311768E2C200E71234 /* InfoPlist.strings in Resources */,
				E3387E80176A71040016043F /* ConfigureSheet.xib in Resources */,
			);
			runOnlyForDeploymentPostprocessing = 0;
		};
/* End PBXResourcesBuildPhase section */

/* Begin PBXRezBuildPhase section */
		E322231F1768E2C200E71234 /* Rez */ = {
			isa = PBXRezBuildPhase;
			buildActionMask = 2147483647;
			files = (
			);
			runOnlyForDeploymentPostprocessing = 0;
		};
/* End PBXRezBuildPhase section */

/* Begin PBXSourcesBuildPhase section */
		E322231B1768E2C200E71234 /* Sources */ = {
			isa = PBXSourcesBuildPhase;
			buildActionMask = 2147483647;
			files = (
				E32223351768E2C200E71234 /* SquaresView.m in Sources */,
				E322233E176913D000E71234 /* Cell.m in Sources */,
			);
			runOnlyForDeploymentPostprocessing = 0;
		};
/* End PBXSourcesBuildPhase section */

/* Begin PBXVariantGroup section */
		E322232F1768E2C200E71234 /* InfoPlist.strings */ = {
			isa = PBXVariantGroup;
			children = (
				E32223301768E2C200E71234 /* en */,
			);
			name = InfoPlist.strings;
			sourceTree = "<group>";
		};
/* End PBXVariantGroup section */

/* Begin XCBuildConfiguration section */
		E32223361768E2C200E71234 /* Debug */ = {
			isa = XCBuildConfiguration;
			buildSettings = {
				ALWAYS_SEARCH_USER_PATHS = NO;
				CLANG_CXX_LANGUAGE_STANDARD = "gnu++0x";
				CLANG_CXX_LIBRARY = "libc++";
				CLANG_WARN_CONSTANT_CONVERSION = YES;
				CLANG_WARN_EMPTY_BODY = YES;
				CLANG_WARN_ENUM_CONVERSION = YES;
				CLANG_WARN_INT_CONVERSION = YES;
				CLANG_WARN__DUPLICATE_METHOD_MATCH = YES;
				COPY_PHASE_STRIP = NO;
				GCC_C_LANGUAGE_STANDARD = gnu99;
				GCC_DYNAMIC_NO_PIC = NO;
				GCC_ENABLE_OBJC_EXCEPTIONS = YES;
				GCC_ENABLE_OBJC_GC = supported;
				GCC_OPTIMIZATION_LEVEL = 0;
				GCC_PREPROCESSOR_DEFINITIONS = (
					"DEBUG=1",
					"$(inherited)",
				);
				GCC_SYMBOLS_PRIVATE_EXTERN = NO;
				GCC_WARN_64_TO_32_BIT_CONVERSION = YES;
				GCC_WARN_ABOUT_RETURN_TYPE = YES;
				GCC_WARN_UNINITIALIZED_AUTOS = YES;
				GCC_WARN_UNUSED_VARIABLE = YES;
				MACOSX_DEPLOYMENT_TARGET = 10.6;
				ONLY_ACTIVE_ARCH = YES;
				SDKROOT = macosx;
			};
			name = Debug;
		};
		E32223371768E2C200E71234 /* Release */ = {
			isa = XCBuildConfiguration;
			buildSettings = {
				ALWAYS_SEARCH_USER_PATHS = NO;
				CLANG_CXX_LANGUAGE_STANDARD = "gnu++0x";
				CLANG_CXX_LIBRARY = "libc++";
				CLANG_WARN_CONSTANT_CONVERSION = YES;
				CLANG_WARN_EMPTY_BODY = YES;
				CLANG_WARN_ENUM_CONVERSION = YES;
				CLANG_WARN_INT_CONVERSION = YES;
				CLANG_WARN__DUPLICATE_METHOD_MATCH = YES;
				COPY_PHASE_STRIP = YES;
				DEBUG_INFORMATION_FORMAT = "dwarf-with-dsym";
				GCC_C_LANGUAGE_STANDARD = gnu99;
				GCC_ENABLE_OBJC_EXCEPTIONS = YES;
				GCC_ENABLE_OBJC_GC = supported;
				GCC_WARN_64_TO_32_BIT_CONVERSION = YES;
				GCC_WARN_ABOUT_RETURN_TYPE = YES;
				GCC_WARN_UNINITIALIZED_AUTOS = YES;
				GCC_WARN_UNUSED_VARIABLE = YES;
				MACOSX_DEPLOYMENT_TARGET = 10.6;
				SDKROOT = macosx;
			};
			name = Release;
		};
		E32223391768E2C200E71234 /* Debug */ = {
			isa = XCBuildConfiguration;
			buildSettings = {
				CLANG_ENABLE_OBJC_ARC = YES;
				COMBINE_HIDPI_IMAGES = YES;
				GCC_ENABLE_OBJC_GC = "";
				GCC_PRECOMPILE_PREFIX_HEADER = YES;
				GCC_PREFIX_HEADER = "Squares/Squares-Prefix.pch";
				INFOPLIST_FILE = "Squares/Squares-Info.plist";
				INSTALL_PATH = "$(HOME)/Library/Screen Savers";
				MACOSX_DEPLOYMENT_TARGET = 10.6.8;
				PRODUCT_NAME = "$(TARGET_NAME)";
				WRAPPER_EXTENSION = saver;
			};
			name = Debug;
		};
		E322233A1768E2C200E71234 /* Release */ = {
			isa = XCBuildConfiguration;
			buildSettings = {
				CLANG_ENABLE_OBJC_ARC = YES;
				COMBINE_HIDPI_IMAGES = YES;
				GCC_ENABLE_OBJC_GC = "";
				GCC_PRECOMPILE_PREFIX_HEADER = YES;
				GCC_PREFIX_HEADER = "Squares/Squares-Prefix.pch";
				INFOPLIST_FILE = "Squares/Squares-Info.plist";
				INSTALL_PATH = "$(HOME)/Library/Screen Savers";
				MACOSX_DEPLOYMENT_TARGET = 10.6.8;
				PRODUCT_NAME = "$(TARGET_NAME)";
				WRAPPER_EXTENSION = saver;
			};
			name = Release;
		};
/* End XCBuildConfiguration section */

/* Begin XCConfigurationList section */
		E322231A1768E2C200E71234 /* Build configuration list for PBXProject "Squares" */ = {
			isa = XCConfigurationList;
			buildConfigurations = (
				E32223361768E2C200E71234 /* Debug */,
				E32223371768E2C200E71234 /* Release */,
			);
			defaultConfigurationIsVisible = 0;
			defaultConfigurationName = Release;
		};
		E32223381768E2C200E71234 /* Build configuration list for PBXNativeTarget "Squares" */ = {
			isa = XCConfigurationList;
			buildConfigurations = (
				E32223391768E2C200E71234 /* Debug */,
				E322233A1768E2C200E71234 /* Release */,
			);
			defaultConfigurationIsVisible = 0;
			defaultConfigurationName = Release;
		};
/* End XCConfigurationList section */
	};
	rootObject = E32223171768E2C200E71234 /* Project object */;
}
